{
  "pins" : [
    {
      "identity" : "any",
      "kind" : "remoteSourceControl",
      "location" : "https://github.com/el-machine/Any.git",
      "state" : {
        "revision" : "6e6440aaf6a2a1b183aa22d85e29a2058bd73b42",
        "version" : "1.0.0"
      }
    },
    {
      "identity" : "wand",
      "kind" : "remoteSourceControl",
      "location" : "https://github.com/el-machine/Wand.git",
      "state" : {
        "revision" : "9db8cbeab4471aa64d517836e8e17896363f661f",
        "version" : "1.3.2"
      }
    }
  ],
  "version" : 2
}
