{
  "originHash" : "4a3279869ac610d16da2be78369a63cf6ad2975cfbdc56ed0d24590360b8148c",
  "pins" : [
    {
      "identity" : "wand",
      "kind" : "remoteSourceControl",
      "location" : "https://github.com/el-machine/Wand.git",
      "state" : {
        "revision" : "5aeb67ac29833118a1857dfdc1550553adf6390a",
        "version" : "1.1.2"
      }
    }
  ],
  "version" : 3
}
