{
  "originHash" : "972d093ce716931436266134f77e2d80a9dce7c5a2c02f5e37b57b19f2eefc22",
  "pins" : [
    {
      "identity" : "wand",
      "kind" : "remoteSourceControl",
      "location" : "https://github.com/el-machine/Wand.git",
      "state" : {
        "revision" : "2135df9ccc99a4d71bbf8b7672369c4e8f0e7622",
        "version" : "1.2.5"
      }
    }
  ],
  "version" : 3
}
